
Microsoft Visual Studio Solution File, Format Version 12.00
# Visual Studio 15
VisualStudioVersion = 15.0.28307.271
MinimumVisualStudioVersion = 10.0.40219.1
Project("{9A19103F-16F7-4668-BE54-9A1E7A4F7556}") = "Sigged.Compiling.Core", "Sigged.Compiling.Core\Sigged.Compiling.Core.csproj", "{678F63B8-318E-4151-BA11-44D9A8697E12}"
EndProject
Project("{9A19103F-16F7-4668-BE54-9A1E7A4F7556}") = "Sigged.Compiling.Core.Tests", "Sigged.Compiling.Core.Tests\Sigged.Compiling.Core.Tests.csproj", "{8AD2153A-7AB5-4E77-B661-00EF4E87648D}"
EndProject
Project("{FAE04EC0-301F-11D3-BF4B-00C04F79EFBC}") = "Sigged.Repl.NetFx.Wpf", "Sigged.Repl.NetFx.Wpf\Sigged.Repl.NetFx.Wpf.csproj", "{7D53C020-9DDD-48ED-A51F-1D78B2F1389E}"
EndProject
Global
	GlobalSection(SolutionConfigurationPlatforms) = preSolution
		Debug|Any CPU = Debug|Any CPU
		Release|Any CPU = Release|Any CPU
	EndGlobalSection
	GlobalSection(ProjectConfigurationPlatforms) = postSolution
		{678F63B8-318E-4151-BA11-44D9A8697E12}.Debug|Any CPU.ActiveCfg = Debug|Any CPU
		{678F63B8-318E-4151-BA11-44D9A8697E12}.Debug|Any CPU.Build.0 = Debug|Any CPU
		{678F63B8-318E-4151-BA11-44D9A8697E12}.Release|Any CPU.ActiveCfg = Release|Any CPU
		{678F63B8-318E-4151-BA11-44D9A8697E12}.Release|Any CPU.Build.0 = Release|Any CPU
		{8AD2153A-7AB5-4E77-B661-00EF4E87648D}.Debug|Any CPU.ActiveCfg = Debug|Any CPU
		{8AD2153A-7AB5-4E77-B661-00EF4E87648D}.Debug|Any CPU.Build.0 = Debug|Any CPU
		{8AD2153A-7AB5-4E77-B661-00EF4E87648D}.Release|Any CPU.ActiveCfg = Release|Any CPU
		{8AD2153A-7AB5-4E77-B661-00EF4E87648D}.Release|Any CPU.Build.0 = Release|Any CPU
		{7D53C020-9DDD-48ED-A51F-1D78B2F1389E}.Debug|Any CPU.ActiveCfg = Debug|Any CPU
		{7D53C020-9DDD-48ED-A51F-1D78B2F1389E}.Debug|Any CPU.Build.0 = Debug|Any CPU
		{7D53C020-9DDD-48ED-A51F-1D78B2F1389E}.Release|Any CPU.ActiveCfg = Release|Any CPU
		{7D53C020-9DDD-48ED-A51F-1D78B2F1389E}.Release|Any CPU.Build.0 = Release|Any CPU
	EndGlobalSection
	GlobalSection(SolutionProperties) = preSolution
		HideSolutionNode = FALSE
	EndGlobalSection
	GlobalSection(ExtensibilityGlobals) = postSolution
		SolutionGuid = {9A91C137-0E1D-49CD-B503-FF93F718F17D}
	EndGlobalSection
EndGlobal
