{
  "name": "asp.net",
  "version": "1.0.0",
  "lockfileVersion": 1,
  "requires": true,
  "dependencies": {
    "bootstrap": {
      "version": "4.3.1",
      "resolved": "https://registry.npmjs.org/bootstrap/-/bootstrap-4.3.1.tgz",
      "integrity": "sha512-rXqOmH1VilAt2DyPzluTi2blhk17bO7ef+zLLPlWvG494pDxcM234pJ8wTc/6R40UWizAIIMgxjvxZg5kmsbag=="
    },
    "codemirror": {
      "version": "5.45.0",
      "resolved": "https://registry.npmjs.org/codemirror/-/codemirror-5.45.0.tgz",
      "integrity": "sha512-c19j644usCE8gQaXa0jqn2B/HN9MnB2u6qPIrrhrMkB+QAP42y8G4QnTwuwbVSoUS1jEl7JU9HZMGhCDL0nsAw=="
    },
    "jquery": {
      "version": "3.3.1",
      "resolved": "https://registry.npmjs.org/jquery/-/jquery-3.3.1.tgz",
      "integrity": "sha512-Ubldcmxp5np52/ENotGxlLe6aGMvmF4R8S6tZjsP6Knsaxd/xp3Zrh50cG93lR6nPXyUFwzN3ZSOQI0wRJNdGg=="
    },
    "split-grid": {
      "version": "1.0.9",
      "resolved": "https://registry.npmjs.org/split-grid/-/split-grid-1.0.9.tgz",
      "integrity": "sha512-D7Tgibf7ksIEZKxmAKbXb7kKFANcXRj9j2VgM097KIr146zMXErt9MIHQeEiRxL+HM7WwkJdDyPTxDDsSVUSBA=="
    },
    "vue": {
      "version": "2.6.10",
      "resolved": "https://registry.npmjs.org/vue/-/vue-2.6.10.tgz",
      "integrity": "sha512-ImThpeNU9HbdZL3utgMCq0oiMzAkt1mcgy3/E6zWC/G6AaQoeuFdsl9nDhTDU3X1R6FK7nsIUuRACVcjI+A2GQ=="
    }
  }
}
